
Microsoft Visual Studio Solution File, Format Version 12.00
# Visual Studio 15
VisualStudioVersion = 15.0.27703.2026
MinimumVisualStudioVersion = 10.0.40219.1
Project("{FAE04EC0-301F-11D3-BF4B-00C04F79EFBC}") = "BookTracker", "BookTracker\BookTracker.csproj", "{88DBCDF8-8D02-4AB1-8913-ED0FFC304FA6}"
EndProject
Project("{FAE04EC0-301F-11D3-BF4B-00C04F79EFBC}") = "BookDBTests", "BookSqlDALTests\BookDBTests.csproj", "{D4ABCF31-CAE0-4853-A98D-9000EDB1602C}"
EndProject
Global
	GlobalSection(SolutionConfigurationPlatforms) = preSolution
		Debug|Any CPU = Debug|Any CPU
		Release|Any CPU = Release|Any CPU
	EndGlobalSection
	GlobalSection(ProjectConfigurationPlatforms) = postSolution
		{88DBCDF8-8D02-4AB1-8913-ED0FFC304FA6}.Debug|Any CPU.ActiveCfg = Debug|Any CPU
		{88DBCDF8-8D02-4AB1-8913-ED0FFC304FA6}.Debug|Any CPU.Build.0 = Debug|Any CPU
		{88DBCDF8-8D02-4AB1-8913-ED0FFC304FA6}.Release|Any CPU.ActiveCfg = Release|Any CPU
		{88DBCDF8-8D02-4AB1-8913-ED0FFC304FA6}.Release|Any CPU.Build.0 = Release|Any CPU
		{D4ABCF31-CAE0-4853-A98D-9000EDB1602C}.Debug|Any CPU.ActiveCfg = Debug|Any CPU
		{D4ABCF31-CAE0-4853-A98D-9000EDB1602C}.Debug|Any CPU.Build.0 = Debug|Any CPU
		{D4ABCF31-CAE0-4853-A98D-9000EDB1602C}.Release|Any CPU.ActiveCfg = Release|Any CPU
		{D4ABCF31-CAE0-4853-A98D-9000EDB1602C}.Release|Any CPU.Build.0 = Release|Any CPU
	EndGlobalSection
	GlobalSection(SolutionProperties) = preSolution
		HideSolutionNode = FALSE
	EndGlobalSection
	GlobalSection(ExtensibilityGlobals) = postSolution
		SolutionGuid = {17DD6C2C-A2ED-42C7-854B-6AEE0A2787BA}
	EndGlobalSection
EndGlobal
